{
    "name": "node-red-project",
    "version": "0.0.1",
    "lockfileVersion": 1,
    "requires": true,
    "dependencies": {
        "compression": {
            "version": "1.7.4",
            "resolved": "https://registry.npmjs.org/compression/-/compression-1.7.4.tgz",
            "integrity": "sha512-jaSIDzP9pZVS4ZfQ+TzvtiWhdpFhE2RDHz8QJkpX9SIpLq88VueF5jJw6t+6CUQcAoA6t+x89MLrWAqpfDE8iQ==",
            "dependencies": {
                "safe-buffer": {
                    "version": "5.1.2",
                    "resolved": "https://registry.npmjs.org/safe-buffer/-/safe-buffer-5.1.2.tgz",
                    "integrity": "sha512-Gd2UZBJDkXlY7GbJxfsE8/nvKkUEU1G38c1siN6QP6a9PT9MmHB8GnpscSmMJSoF8LOIrt8ud/wPtojys4G6+g=="
                }
            }
        },
        "node-red-contrib-deconz": {
            "version": "0.12.10",
            "resolved": "https://registry.npmjs.org/node-red-contrib-deconz/-/node-red-contrib-deconz-0.12.10.tgz",
            "integrity": "sha512-iYTyzR0N2LWjav3dIKn+ZqdHJ3yVYD1RTKugUQWYSCJo3MTH/cP0SvR/dGPH+Yq32ro433SlECKgqsC1VwRFqg=="
        },
        "node-red-contrib-maps": {
            "version": "0.2.2",
            "resolved": "https://registry.npmjs.org/node-red-contrib-maps/-/node-red-contrib-maps-0.2.2.tgz",
            "integrity": "sha512-/sg082scW4JW43xNgR0xEettjTg5j4j8PMchq84NMqExvWTdw+v98A6J7Hi6I2Vo6nG9zYMHCN5bznOJwtSLLw=="
        },
        "node-red-contrib-time-range-switch": {
            "version": "0.6.1",
            "resolved": "https://registry.npmjs.org/node-red-contrib-time-range-switch/-/node-red-contrib-time-range-switch-0.6.1.tgz",
            "integrity": "sha512-JNSoUaf4r0sjGDM2qSicDrfB5llAHDpvyydbP2LF0wcE4etWv9l/F5PmkpP13PkqzK0R1z1txljiH4ba/j5Pmw=="
        },
        "node-red-contrib-web-worldmap": {
            "version": "2.0.22",
            "resolved": "https://registry.npmjs.org/node-red-contrib-web-worldmap/-/node-red-contrib-web-worldmap-2.0.22.tgz",
            "integrity": "sha512-9K4r8aOrOhUL69AHl3x53TWra4DIWkN4ytlGGY9m73WhQ83EJq0MwhbzIe4OLRbtfhRPGOJxLZdAko1norvyrw=="
        },
        "node-red-dashboard": {
            "version": "2.17.0",
            "resolved": "https://registry.npmjs.org/node-red-dashboard/-/node-red-dashboard-2.17.0.tgz",
            "integrity": "sha512-Et2gvAw0Xgb3TeptR1oO4a/88hXlFUku2Vu3aYVb+aH5/I9KKDWu1bHAwxVnqBkd1y/Wvxpbf/w8gE4XTWlp4g==",
            "requires": {
                "compression": "^1.7.4",
                "serve-static": "^1.14.1",
                "socket.io": "^2.2.0"
            }
        },
        "node-red-node-pushbullet": {
            "version": "0.0.14",
            "resolved": "https://registry.npmjs.org/node-red-node-pushbullet/-/node-red-node-pushbullet-0.0.14.tgz",
            "integrity": "sha512-24TXwg3ue9TN6weqqHvx3hNgfDdsD4QWiEe7/CVF3UoVfExJMTRJVRjFCRSZRQr9yKkSpu6Wj+WQgkpUmNsWhg=="
        },
        "serve-static": {
            "version": "1.14.1",
            "resolved": "https://registry.npmjs.org/serve-static/-/serve-static-1.14.1.tgz",
            "integrity": "sha512-JMrvUwE54emCYWlTI+hGrGv5I8dEwmco/00EvkzIIsR7MqrHonbD9pO2MOfFnpFntl7ecpZs+3mW+XbQZu9QCg=="
        },
        "socket.io": {
            "version": "2.2.0",
            "resolved": "https://registry.npmjs.org/socket.io/-/socket.io-2.2.0.tgz",
            "integrity": "sha512-wxXrIuZ8AILcn+f1B4ez4hJTPG24iNgxBBDaJfT6MsyOhVYiTXWexGoPkd87ktJG8kQEcL/NBvRi64+9k4Kc0w==",
            "dependencies": {
                "debug": {
                    "version": "4.1.1",
                    "resolved": "https://registry.npmjs.org/debug/-/debug-4.1.1.tgz",
                    "integrity": "sha512-pYAIzeRo8J6KPEaJ0VWOh5Pzkbw/RetuzehGM7QRRX5he4fPHx2rdKMB256ehJCkX+XRQm16eZLqLNS8RSZXZw=="
                },
                "ms": {
                    "version": "2.1.2",
                    "resolved": "https://registry.npmjs.org/ms/-/ms-2.1.2.tgz",
                    "integrity": "sha512-sGkPx+VjMtmA6MX27oA4FBFELFCZZ4S4XqeGOXCv68tT+jb3vk/RyaKWP0PTKyWtmLSM0b+adUTEvbs1PEaH2w=="
                }
            }
        }
    }
}
