{
    "name": "node-red-project",
    "version": "0.0.1",
    "lockfileVersion": 1,
    "requires": true,
    "dependencies": {
        "node-red-contrib-deconz": {
            "version": "0.12.10",
            "resolved": "https://registry.npmjs.org/node-red-contrib-deconz/-/node-red-contrib-deconz-0.12.10.tgz",
            "integrity": "sha512-iYTyzR0N2LWjav3dIKn+ZqdHJ3yVYD1RTKugUQWYSCJo3MTH/cP0SvR/dGPH+Yq32ro433SlECKgqsC1VwRFqg=="
        },
        "node-red-contrib-maps": {
            "version": "0.2.2",
            "resolved": "https://registry.npmjs.org/node-red-contrib-maps/-/node-red-contrib-maps-0.2.2.tgz",
            "integrity": "sha512-/sg082scW4JW43xNgR0xEettjTg5j4j8PMchq84NMqExvWTdw+v98A6J7Hi6I2Vo6nG9zYMHCN5bznOJwtSLLw=="
        },
        "node-red-contrib-time-range-switch": {
            "version": "0.6.1",
            "resolved": "https://registry.npmjs.org/node-red-contrib-time-range-switch/-/node-red-contrib-time-range-switch-0.6.1.tgz",
            "integrity": "sha512-JNSoUaf4r0sjGDM2qSicDrfB5llAHDpvyydbP2LF0wcE4etWv9l/F5PmkpP13PkqzK0R1z1txljiH4ba/j5Pmw=="
        },
        "node-red-contrib-web-worldmap": {
            "version": "2.0.22",
            "resolved": "https://registry.npmjs.org/node-red-contrib-web-worldmap/-/node-red-contrib-web-worldmap-2.0.22.tgz",
            "integrity": "sha512-9K4r8aOrOhUL69AHl3x53TWra4DIWkN4ytlGGY9m73WhQ83EJq0MwhbzIe4OLRbtfhRPGOJxLZdAko1norvyrw=="
        },
        "node-red-dashboard": {
            "version": "2.15.5",
            "resolved": "https://registry.npmjs.org/node-red-dashboard/-/node-red-dashboard-2.15.5.tgz",
            "integrity": "sha512-q1SW86sk74UZaaccJo6EjVoplvgQy3XLkHGziriwNjOmq2APEm5FIm6NqOFJpQAU35v3wsLObwbK9xNo8TVNSQ=="
        },
        "node-red-node-pushbullet": {
            "version": "0.0.14",
            "resolved": "https://registry.npmjs.org/node-red-node-pushbullet/-/node-red-node-pushbullet-0.0.14.tgz",
            "integrity": "sha512-24TXwg3ue9TN6weqqHvx3hNgfDdsD4QWiEe7/CVF3UoVfExJMTRJVRjFCRSZRQr9yKkSpu6Wj+WQgkpUmNsWhg=="
        }
    }
}
